
Microsoft Visual Studio Solution File, Format Version 12.00
# Visual Studio 2012
Project("{FAE04EC0-301F-11D3-BF4B-00C04F79EFBC}") = "RedShowHome", "RedShowHome\RedShowHome.csproj", "{82F3E1AE-BAFB-43F1-BA37-D9F3EF14DD3B}"
EndProject
Project("{FAE04EC0-301F-11D3-BF4B-00C04F79EFBC}") = "RedShowHome.Tests", "RedShowHome.Tests\RedShowHome.Tests.csproj", "{ACEB136A-444B-49EE-9FA6-6EA8E27583E2}"
EndProject
Global
	GlobalSection(SolutionConfigurationPlatforms) = preSolution
		Debug|Any CPU = Debug|Any CPU
		Release|Any CPU = Release|Any CPU
	EndGlobalSection
	GlobalSection(ProjectConfigurationPlatforms) = postSolution
		{82F3E1AE-BAFB-43F1-BA37-D9F3EF14DD3B}.Debug|Any CPU.ActiveCfg = Debug|Any CPU
		{82F3E1AE-BAFB-43F1-BA37-D9F3EF14DD3B}.Debug|Any CPU.Build.0 = Debug|Any CPU
		{82F3E1AE-BAFB-43F1-BA37-D9F3EF14DD3B}.Release|Any CPU.ActiveCfg = Release|Any CPU
		{82F3E1AE-BAFB-43F1-BA37-D9F3EF14DD3B}.Release|Any CPU.Build.0 = Release|Any CPU
		{ACEB136A-444B-49EE-9FA6-6EA8E27583E2}.Debug|Any CPU.ActiveCfg = Debug|Any CPU
		{ACEB136A-444B-49EE-9FA6-6EA8E27583E2}.Debug|Any CPU.Build.0 = Debug|Any CPU
		{ACEB136A-444B-49EE-9FA6-6EA8E27583E2}.Release|Any CPU.ActiveCfg = Release|Any CPU
		{ACEB136A-444B-49EE-9FA6-6EA8E27583E2}.Release|Any CPU.Build.0 = Release|Any CPU
	EndGlobalSection
	GlobalSection(SolutionProperties) = preSolution
		HideSolutionNode = FALSE
	EndGlobalSection
EndGlobal
